
Microsoft Visual Studio Solution File, Format Version 12.00
# Visual Studio 15
VisualStudioVersion = 15.0.27130.2036
MinimumVisualStudioVersion = 10.0.40219.1
Project("{9A19103F-16F7-4668-BE54-9A1E7A4F7556}") = "MishmashApi", "MishmashApi\MishmashApi.csproj", "{8C18D128-BA1E-42B9-B9A2-20F527C76BD9}"
EndProject
Global
	GlobalSection(SolutionConfigurationPlatforms) = preSolution
		Debug|Any CPU = Debug|Any CPU
		Release|Any CPU = Release|Any CPU
	EndGlobalSection
	GlobalSection(ProjectConfigurationPlatforms) = postSolution
		{8C18D128-BA1E-42B9-B9A2-20F527C76BD9}.Debug|Any CPU.ActiveCfg = Debug|Any CPU
		{8C18D128-BA1E-42B9-B9A2-20F527C76BD9}.Debug|Any CPU.Build.0 = Debug|Any CPU
		{8C18D128-BA1E-42B9-B9A2-20F527C76BD9}.Release|Any CPU.ActiveCfg = Release|Any CPU
		{8C18D128-BA1E-42B9-B9A2-20F527C76BD9}.Release|Any CPU.Build.0 = Release|Any CPU
	EndGlobalSection
	GlobalSection(SolutionProperties) = preSolution
		HideSolutionNode = FALSE
	EndGlobalSection
	GlobalSection(ExtensibilityGlobals) = postSolution
		SolutionGuid = {190E6A44-5EB8-4474-8B1D-AD70038CDCA9}
	EndGlobalSection
EndGlobal
